dependencies:
- name: reloader
  repository: https://stakater.github.io/stakater-charts
  version: v0.0.118
- name: common
  repository: https://charts.bitnami.com/bitnami
  version: 2.0.4
digest: sha256:ef3afed34e8196493474fd713fa312017682309a19e442e4b5ccf2bff8dba955
generated: "2022-10-25T10:46:14.789328-06:00"
