dependencies:
- name: reloader
  repository: https://stakater.github.io/stakater-charts
  version: 1.0.35
- name: common
  repository: https://charts.bitnami.com/bitnami
  version: 2.9.0
digest: sha256:35c0fc7dba052b868948540cfeaab2e0ba25853b5ad66f844b989f9891274af9
generated: "2023-08-22T11:44:25.02654496Z"
